PODS:
  - ObjcExceptionBridging (1.0.1):
    - ObjcExceptionBridging/ObjcExceptionBridging (= 1.0.1)
  - ObjcExceptionBridging/ObjcExceptionBridging (1.0.1)
  - QvikSwift (5.0.0)
  - SwiftLint (0.26.0)
  - Toast-Swift (3.0.1)
  - XCGLogger (6.0.4):
    - XCGLogger/Core (= 6.0.4)
  - XCGLogger/Core (6.0.4):
    - ObjcExceptionBridging

DEPENDENCIES:
  - QvikSwift (~> 5)
  - SwiftLint
  - Toast-Swift (~> 3)
  - XCGLogger (~> 6.0)

SPEC REPOS:
  https://github.com/cocoapods/specs.git:
    - ObjcExceptionBridging
    - SwiftLint
    - Toast-Swift
    - XCGLogger
  https://github.com/qvik/qvik-podspecs.git:
    - QvikSwift

SPEC CHECKSUMS:
  ObjcExceptionBridging: c30e00eb3700467e695faeea30e26e18bd445001
  QvikSwift: 08dab48210b361f2ed45760e662a0ff71d25f62f
  SwiftLint: f6b83e8d95ee1e91e11932d843af4fdcbf3fc764
  Toast-Swift: ba0b01b095aada709d915f9beb1d38184a2721c3
  XCGLogger: 4fc1bc0bdd5828cb8dc8da7a843536cda1bea8f3

PODFILE CHECKSUM: 0e403a6c55afb360acfb8e50ba6c873150290f45

COCOAPODS: 1.5.3
